{
    "_readme": [
        "This file locks the dependencies of your project to a known state",
        "Read more about it at https://getcomposer.org/doc/01-basic-usage.md#installing-dependencies",
        "This file is @generated automatically"
    ],
    "content-hash": "713a477574f3f25e70b70b9ca0973c72",
    "packages": [
        {
            "name": "composer/installers",
            "version": "v1.9.0",
            "source": {
                "type": "git",
                "url": "https://github.com/composer/installers.git",
                "reference": "b93bcf0fa1fccb0b7d176b0967d969691cd74cca"
            },
            "dist": {
                "type": "zip",
                "url": "https://api.github.com/repos/composer/installers/zipball/b93bcf0fa1fccb0b7d176b0967d969691cd74cca",
                "reference": "b93bcf0fa1fccb0b7d176b0967d969691cd74cca",
                "shasum": ""
            },
            "require": {
                "composer-plugin-api": "^1.0 || ^2.0"
            },
            "replace": {
                "roundcube/plugin-installer": "*",
                "shama/baton": "*"
            },
            "require-dev": {
                "composer/composer": "1.6.* || 2.0.*@dev",
                "composer/semver": "1.0.* || 2.0.*@dev",
                "phpunit/phpunit": "^4.8.36",
                "sebastian/comparator": "^1.2.4",
                "symfony/process": "^2.3"
            },
            "type": "composer-plugin",
            "extra": {
                "class": "Composer\\Installers\\Plugin",
                "branch-alias": {
                    "dev-master": "1.0-dev"
                }
            },
            "autoload": {
                "psr-4": {
                    "Composer\\Installers\\": "src/Composer/Installers"
                }
            },
            "notification-url": "https://packagist.org/downloads/",
            "license": [
                "MIT"
            ],
            "authors": [
                {
                    "name": "Kyle Robinson Young",
                    "email": "kyle@dontkry.com",
                    "homepage": "https://github.com/shama"
                }
            ],
            "description": "A multi-framework Composer library installer",
            "homepage": "https://composer.github.io/installers/",
            "keywords": [
                "Craft",
                "Dolibarr",
                "Eliasis",
                "Hurad",
                "ImageCMS",
                "Kanboard",
                "Lan Management System",
                "MODX Evo",
                "MantisBT",
                "Mautic",
                "Maya",
                "OXID",
                "Plentymarkets",
                "Porto",
                "RadPHP",
                "SMF",
                "Thelia",
                "Whmcs",
                "WolfCMS",
                "agl",
                "aimeos",
                "annotatecms",
                "attogram",
                "bitrix",
                "cakephp",
                "chef",
                "cockpit",
                "codeigniter",
                "concrete5",
                "croogo",
                "dokuwiki",
                "drupal",
                "eZ Platform",
                "elgg",
                "expressionengine",
                "fuelphp",
                "grav",
                "installer",
                "itop",
                "joomla",
                "known",
                "kohana",
                "laravel",
                "lavalite",
                "lithium",
                "magento",
                "majima",
                "mako",
                "mediawiki",
                "modulework",
                "modx",
                "moodle",
                "osclass",
                "phpbb",
                "piwik",
                "ppi",
                "puppet",
                "pxcms",
                "reindex",
                "roundcube",
                "shopware",
                "silverstripe",
                "sydes",
                "sylius",
                "symfony",
                "typo3",
                "wordpress",
                "yawik",
                "zend",
                "zikula"
            ],
            "time": "2020-04-07T06:57:05+00:00"
        },
        {
            "name": "fuel/auth",
            "version": "1.8.2",
            "source": {
                "type": "git",
                "url": "https://github.com/fuel/auth.git",
                "reference": "908ab91344875ec17e58458c1e48f0ce482a337b"
            },
            "dist": {
                "type": "zip",
                "url": "https://api.github.com/repos/fuel/auth/zipball/908ab91344875ec17e58458c1e48f0ce482a337b",
                "reference": "908ab91344875ec17e58458c1e48f0ce482a337b",
                "shasum": ""
            },
            "require": {
                "composer/installers": "~1.0"
            },
            "type": "fuel-package",
            "notification-url": "https://packagist.org/downloads/",
            "license": [
                "MIT"
            ],
            "authors": [
                {
                    "name": "FuelPHP Development Team",
                    "email": "team@fuelphp.com"
                }
            ],
            "description": "FuelPHP 1.x Auth Package",
            "homepage": "https://github.com/fuel/auth",
            "time": "2019-06-27T14:59:18+00:00"
        },
        {
            "name": "fuel/core",
            "version": "dev-1.9/develop",
            "source": {
                "type": "git",
                "url": "https://github.com/fuel/core.git",
                "reference": "f6bb6bb682805d12bd985a28153e7f7a1e1b1ea9"
            },
            "dist": {
                "type": "zip",
                "url": "https://api.github.com/repos/fuel/core/zipball/f6bb6bb682805d12bd985a28153e7f7a1e1b1ea9",
                "reference": "f6bb6bb682805d12bd985a28153e7f7a1e1b1ea9",
                "shasum": ""
            },
            "require": {
                "composer/installers": "~1.0",
                "michelf/php-markdown": "1.7.0",
                "monolog/monolog": "^1.18",
                "paragonie/sodium_compat": "^1.6",
                "phpseclib/phpseclib": "^2.0.0"
            },
            "type": "fuel-package",
            "notification-url": "https://packagist.org/downloads/",
            "license": [
                "MIT"
            ],
            "authors": [
                {
                    "name": "FuelPHP Development Team",
                    "email": "team@fuelphp.com"
                }
            ],
            "description": "FuelPHP 1.x Core",
            "homepage": "https://github.com/fuel/core",
            "time": "2019-10-25T14:09:36+00:00"
        },
        {
            "name": "fuel/email",
            "version": "1.8.2",
            "source": {
                "type": "git",
                "url": "https://github.com/fuel/email.git",
                "reference": "b7fb81332d373594c370f12706cd7108ca1d01be"
            },
            "dist": {
                "type": "zip",
                "url": "https://api.github.com/repos/fuel/email/zipball/b7fb81332d373594c370f12706cd7108ca1d01be",
                "reference": "b7fb81332d373594c370f12706cd7108ca1d01be",
                "shasum": ""
            },
            "require": {
                "composer/installers": "~1.0"
            },
            "type": "fuel-package",
            "notification-url": "https://packagist.org/downloads/",
            "license": [
                "MIT"
            ],
            "authors": [
                {
                    "name": "FuelPHP Development Team",
                    "email": "team@fuelphp.com"
                }
            ],
            "description": "FuelPHP 1.x Email Package",
            "homepage": "https://github.com/fuel/email",
            "time": "2019-06-27T14:58:38+00:00"
        },
        {
            "name": "fuel/oil",
            "version": "1.8.2",
            "source": {
                "type": "git",
                "url": "https://github.com/fuel/oil.git",
                "reference": "8d3685c592e7a5161d29fc7a03ed61dacdada595"
            },
            "dist": {
                "type": "zip",
                "url": "https://api.github.com/repos/fuel/oil/zipball/8d3685c592e7a5161d29fc7a03ed61dacdada595",
                "reference": "8d3685c592e7a5161d29fc7a03ed61dacdada595",
                "shasum": ""
            },
            "require": {
                "composer/installers": "~1.0"
            },
            "type": "fuel-package",
            "notification-url": "https://packagist.org/downloads/",
            "license": [
                "MIT"
            ],
            "authors": [
                {
                    "name": "FuelPHP Development Team",
                    "email": "team@fuelphp.com"
                }
            ],
            "description": "FuelPHP 1.x Oil Package",
            "homepage": "https://github.com/fuel/oil",
            "time": "2019-06-27T14:58:13+00:00"
        },
        {
            "name": "fuel/orm",
            "version": "1.8.2",
            "source": {
                "type": "git",
                "url": "https://github.com/fuel/orm.git",
                "reference": "70deb9fbc5f42c364036cb4c27f9e1185019e657"
            },
            "dist": {
                "type": "zip",
                "url": "https://api.github.com/repos/fuel/orm/zipball/70deb9fbc5f42c364036cb4c27f9e1185019e657",
                "reference": "70deb9fbc5f42c364036cb4c27f9e1185019e657",
                "shasum": ""
            },
            "require": {
                "composer/installers": "~1.0"
            },
            "type": "fuel-package",
            "notification-url": "https://packagist.org/downloads/",
            "license": [
                "MIT"
            ],
            "authors": [
                {
                    "name": "FuelPHP Development Team",
                    "email": "team@fuelphp.com"
                }
            ],
            "description": "FuelPHP 1.x ORM Package",
            "homepage": "https://github.com/fuel/orm",
            "time": "2019-06-27T14:57:32+00:00"
        },
        {
            "name": "fuel/parser",
            "version": "1.8.2",
            "source": {
                "type": "git",
                "url": "https://github.com/fuel/parser.git",
                "reference": "1e4c52b60dec72a4df6d3757db74904ab7cda9ef"
            },
            "dist": {
                "type": "zip",
                "url": "https://api.github.com/repos/fuel/parser/zipball/1e4c52b60dec72a4df6d3757db74904ab7cda9ef",
                "reference": "1e4c52b60dec72a4df6d3757db74904ab7cda9ef",
                "shasum": ""
            },
            "require": {
                "composer/installers": "~1.0"
            },
            "type": "fuel-package",
            "notification-url": "https://packagist.org/downloads/",
            "license": [
                "MIT"
            ],
            "authors": [
                {
                    "name": "FuelPHP Development Team",
                    "email": "team@fuelphp.com"
                }
            ],
            "description": "FuelPHP 1.x Parser Package",
            "homepage": "https://github.com/fuel/parser",
            "time": "2019-06-27T14:57:06+00:00"
        },
        {
            "name": "fuelphp/upload",
            "version": "2.0.6",
            "source": {
                "type": "git",
                "url": "https://github.com/fuelphp/upload.git",
                "reference": "73b3abfa317c22d6b4d63588e9601c13623ea6f6"
            },
            "dist": {
                "type": "zip",
                "url": "https://api.github.com/repos/fuelphp/upload/zipball/73b3abfa317c22d6b4d63588e9601c13623ea6f6",
                "reference": "73b3abfa317c22d6b4d63588e9601c13623ea6f6",
                "shasum": ""
            },
            "require": {
                "ext-fileinfo": "*",
                "php": ">=5.3"
            },
            "require-dev": {
                "codeception/codeception": "~2.0"
            },
            "type": "library",
            "extra": {
                "branch-alias": {
                    "dev-master": "2.0-dev"
                }
            },
            "autoload": {
                "psr-4": {
                    "Fuel\\Upload\\": "src/"
                }
            },
            "notification-url": "https://packagist.org/downloads/",
            "license": [
                "MIT"
            ],
            "authors": [
                {
                    "name": "FuelPHP Development Team",
                    "email": "team@fuelphp.com"
                }
            ],
            "description": "Process uploaded files",
            "homepage": "https://github.com/fuelphp/upload",
            "keywords": [
                "file uploads",
                "upload"
            ],
            "time": "2015-11-04T17:19:56+00:00"
        },
        {
            "name": "michelf/php-markdown",
            "version": "1.7.0",
            "source": {
                "type": "git",
                "url": "https://github.com/michelf/php-markdown.git",
                "reference": "1f51cc520948f66cd2af8cbc45a5ee175e774220"
            },
            "dist": {
                "type": "zip",
                "url": "https://api.github.com/repos/michelf/php-markdown/zipball/1f51cc520948f66cd2af8cbc45a5ee175e774220",
                "reference": "1f51cc520948f66cd2af8cbc45a5ee175e774220",
                "shasum": ""
            },
            "require": {
                "php": ">=5.3.0"
            },
            "type": "library",
            "extra": {
                "branch-alias": {
                    "dev-lib": "1.4.x-dev"
                }
            },
            "autoload": {
                "psr-0": {
                    "Michelf": ""
                }
            },
            "notification-url": "https://packagist.org/downloads/",
            "license": [
                "BSD-3-Clause"
            ],
            "authors": [
                {
                    "name": "Michel Fortin",
                    "role": "Developer",
                    "email": "michel.fortin@michelf.ca",
                    "homepage": "https://michelf.ca/"
                },
                {
                    "name": "John Gruber",
                    "homepage": "https://daringfireball.net/"
                }
            ],
            "description": "PHP Markdown",
            "homepage": "https://michelf.ca/projects/php-markdown/",
            "keywords": [
                "markdown"
            ],
            "time": "2016-10-29T18:58:20+00:00"
        },
        {
            "name": "monolog/monolog",
            "version": "1.25.3",
            "source": {
                "type": "git",
                "url": "https://github.com/Seldaek/monolog.git",
                "reference": "fa82921994db851a8becaf3787a9e73c5976b6f1"
            },
            "dist": {
                "type": "zip",
                "url": "https://api.github.com/repos/Seldaek/monolog/zipball/fa82921994db851a8becaf3787a9e73c5976b6f1",
                "reference": "fa82921994db851a8becaf3787a9e73c5976b6f1",
                "shasum": ""
            },
            "require": {
                "php": ">=5.3.0",
                "psr/log": "~1.0"
            },
            "provide": {
                "psr/log-implementation": "1.0.0"
            },
            "require-dev": {
                "aws/aws-sdk-php": "^2.4.9 || ^3.0",
                "doctrine/couchdb": "~1.0@dev",
                "graylog2/gelf-php": "~1.0",
                "jakub-onderka/php-parallel-lint": "0.9",
                "php-amqplib/php-amqplib": "~2.4",
                "php-console/php-console": "^3.1.3",
                "phpunit/phpunit": "~4.5",
                "phpunit/phpunit-mock-objects": "2.3.0",
                "ruflin/elastica": ">=0.90 <3.0",
                "sentry/sentry": "^0.13",
                "swiftmailer/swiftmailer": "^5.3|^6.0"
            },
            "suggest": {
                "aws/aws-sdk-php": "Allow sending log messages to AWS services like DynamoDB",
                "doctrine/couchdb": "Allow sending log messages to a CouchDB server",
                "ext-amqp": "Allow sending log messages to an AMQP server (1.0+ required)",
                "ext-mongo": "Allow sending log messages to a MongoDB server",
                "graylog2/gelf-php": "Allow sending log messages to a GrayLog2 server",
                "mongodb/mongodb": "Allow sending log messages to a MongoDB server via PHP Driver",
                "php-amqplib/php-amqplib": "Allow sending log messages to an AMQP server using php-amqplib",
                "php-console/php-console": "Allow sending log messages to Google Chrome",
                "rollbar/rollbar": "Allow sending log messages to Rollbar",
                "ruflin/elastica": "Allow sending log messages to an Elastic Search server",
                "sentry/sentry": "Allow sending log messages to a Sentry server"
            },
            "type": "library",
            "extra": {
                "branch-alias": {
                    "dev-master": "2.0.x-dev"
                }
            },
            "autoload": {
                "psr-4": {
                    "Monolog\\": "src/Monolog"
                }
            },
            "notification-url": "https://packagist.org/downloads/",
            "license": [
                "MIT"
            ],
            "authors": [
                {
                    "name": "Jordi Boggiano",
                    "email": "j.boggiano@seld.be",
                    "homepage": "http://seld.be"
                }
            ],
            "description": "Sends your logs to files, sockets, inboxes, databases and various web services",
            "homepage": "http://github.com/Seldaek/monolog",
            "keywords": [
                "log",
                "logging",
                "psr-3"
            ],
            "time": "2019-12-20T14:15:16+00:00"
        },
        {
            "name": "paragonie/random_compat",
            "version": "v9.99.99",
            "source": {
                "type": "git",
                "url": "https://github.com/paragonie/random_compat.git",
                "reference": "84b4dfb120c6f9b4ff7b3685f9b8f1aa365a0c95"
            },
            "dist": {
                "type": "zip",
                "url": "https://api.github.com/repos/paragonie/random_compat/zipball/84b4dfb120c6f9b4ff7b3685f9b8f1aa365a0c95",
                "reference": "84b4dfb120c6f9b4ff7b3685f9b8f1aa365a0c95",
                "shasum": ""
            },
            "require": {
                "php": "^7"
            },
            "require-dev": {
                "phpunit/phpunit": "4.*|5.*",
                "vimeo/psalm": "^1"
            },
            "suggest": {
                "ext-libsodium": "Provides a modern crypto API that can be used to generate random bytes."
            },
            "type": "library",
            "notification-url": "https://packagist.org/downloads/",
            "license": [
                "MIT"
            ],
            "authors": [
                {
                    "name": "Paragon Initiative Enterprises",
                    "email": "security@paragonie.com",
                    "homepage": "https://paragonie.com"
                }
            ],
            "description": "PHP 5.x polyfill for random_bytes() and random_int() from PHP 7",
            "keywords": [
                "csprng",
                "polyfill",
                "pseudorandom",
                "random"
            ],
            "time": "2018-07-02T15:55:56+00:00"
        },
        {
            "name": "paragonie/sodium_compat",
            "version": "v1.13.0",
            "source": {
                "type": "git",
                "url": "https://github.com/paragonie/sodium_compat.git",
                "reference": "bbade402cbe84c69b718120911506a3aa2bae653"
            },
            "dist": {
                "type": "zip",
                "url": "https://api.github.com/repos/paragonie/sodium_compat/zipball/bbade402cbe84c69b718120911506a3aa2bae653",
                "reference": "bbade402cbe84c69b718120911506a3aa2bae653",
                "shasum": ""
            },
            "require": {
                "paragonie/random_compat": ">=1",
                "php": "^5.2.4|^5.3|^5.4|^5.5|^5.6|^7|^8"
            },
            "require-dev": {
                "phpunit/phpunit": "^3|^4|^5|^6|^7"
            },
            "suggest": {
                "ext-libsodium": "PHP < 7.0: Better performance, password hashing (Argon2i), secure memory management (memzero), and better security.",
                "ext-sodium": "PHP >= 7.0: Better performance, password hashing (Argon2i), secure memory management (memzero), and better security."
            },
            "type": "library",
            "autoload": {
                "files": [
                    "autoload.php"
                ]
            },
            "notification-url": "https://packagist.org/downloads/",
            "license": [
                "ISC"
            ],
            "authors": [
                {
                    "name": "Paragon Initiative Enterprises",
                    "email": "security@paragonie.com"
                },
                {
                    "name": "Frank Denis",
                    "email": "jedisct1@pureftpd.org"
                }
            ],
            "description": "Pure PHP implementation of libsodium; uses the PHP extension if it exists",
            "keywords": [
                "Authentication",
                "BLAKE2b",
                "ChaCha20",
                "ChaCha20-Poly1305",
                "Chapoly",
                "Curve25519",
                "Ed25519",
                "EdDSA",
                "Edwards-curve Digital Signature Algorithm",
                "Elliptic Curve Diffie-Hellman",
                "Poly1305",
                "Pure-PHP cryptography",
                "RFC 7748",
                "RFC 8032",
                "Salpoly",
                "Salsa20",
                "X25519",
                "XChaCha20-Poly1305",
                "XSalsa20-Poly1305",
                "Xchacha20",
                "Xsalsa20",
                "aead",
                "cryptography",
                "ecdh",
                "elliptic curve",
                "elliptic curve cryptography",
                "encryption",
                "libsodium",
                "php",
                "public-key cryptography",
                "secret-key cryptography",
                "side-channel resistant"
            ],
            "time": "2020-03-20T21:48:09+00:00"
        },
        {
            "name": "phpseclib/phpseclib",
            "version": "2.0.0",
            "source": {
                "type": "git",
                "url": "https://github.com/phpseclib/phpseclib.git",
                "reference": "a74aa9efbe61430fcb60157c8e025a48ec8ff604"
            },
            "dist": {
                "type": "zip",
                "url": "https://api.github.com/repos/phpseclib/phpseclib/zipball/a74aa9efbe61430fcb60157c8e025a48ec8ff604",
                "reference": "a74aa9efbe61430fcb60157c8e025a48ec8ff604",
                "shasum": ""
            },
            "require": {
                "php": ">=5.3.3"
            },
            "require-dev": {
                "phing/phing": "~2.7",
                "phpunit/phpunit": "~4.0",
                "sami/sami": "~2.0",
                "squizlabs/php_codesniffer": "~2.0"
            },
            "suggest": {
                "ext-gmp": "Install the GMP (GNU Multiple Precision) extension in order to speed up arbitrary precision integer arithmetic operations.",
                "ext-libsodium": "SSH2/SFTP can make use of some algorithms provided by the libsodium-php extension.",
                "ext-mcrypt": "Install the Mcrypt extension in order to speed up a few other cryptographic operations.",
                "ext-openssl": "Install the OpenSSL extension in order to speed up a wide variety of cryptographic operations.",
                "pear-pear/PHP_Compat": "Install PHP_Compat to get phpseclib working on PHP < 5.0.0."
            },
            "type": "library",
            "autoload": {
                "psr-4": {
                    "phpseclib\\": "phpseclib/"
                }
            },
            "notification-url": "https://packagist.org/downloads/",
            "include-path": [
                "phpseclib/"
            ],
            "license": [
                "MIT"
            ],
            "authors": [
                {
                    "name": "Jim Wigginton",
                    "role": "Lead Developer",
                    "email": "terrafrost@php.net"
                },
                {
                    "name": "Patrick Monnerat",
                    "role": "Developer",
                    "email": "pm@datasphere.ch"
                },
                {
                    "name": "Andreas Fischer",
                    "role": "Developer",
                    "email": "bantu@phpbb.com"
                },
                {
                    "name": "Hans-Jürgen Petrich",
                    "role": "Developer",
                    "email": "petrich@tronic-media.com"
                }
            ],
            "description": "PHP Secure Communications Library - Pure-PHP implementations of RSA, AES, SSH2, SFTP, X.509 etc.",
            "homepage": "http://phpseclib.sourceforge.net",
            "keywords": [
                "BigInteger",
                "aes",
                "asn.1",
                "asn1",
                "blowfish",
                "crypto",
                "cryptography",
                "encryption",
                "rsa",
                "security",
                "sftp",
                "signature",
                "signing",
                "ssh",
                "twofish",
                "x.509",
                "x509"
            ],
            "time": "2015-08-04T04:48:03+00:00"
        },
        {
            "name": "psr/log",
            "version": "1.1.3",
            "source": {
                "type": "git",
                "url": "https://github.com/php-fig/log.git",
                "reference": "0f73288fd15629204f9d42b7055f72dacbe811fc"
            },
            "dist": {
                "type": "zip",
                "url": "https://api.github.com/repos/php-fig/log/zipball/0f73288fd15629204f9d42b7055f72dacbe811fc",
                "reference": "0f73288fd15629204f9d42b7055f72dacbe811fc",
                "shasum": ""
            },
            "require": {
                "php": ">=5.3.0"
            },
            "type": "library",
            "extra": {
                "branch-alias": {
                    "dev-master": "1.1.x-dev"
                }
            },
            "autoload": {
                "psr-4": {
                    "Psr\\Log\\": "Psr/Log/"
                }
            },
            "notification-url": "https://packagist.org/downloads/",
            "license": [
                "MIT"
            ],
            "authors": [
                {
                    "name": "PHP-FIG",
                    "homepage": "http://www.php-fig.org/"
                }
            ],
            "description": "Common interface for logging libraries",
            "homepage": "https://github.com/php-fig/log",
            "keywords": [
                "log",
                "psr",
                "psr-3"
            ],
            "time": "2020-03-23T09:12:05+00:00"
        }
    ],
    "packages-dev": [
        {
            "name": "fuel/docs",
            "version": "1.8.2",
            "source": {
                "type": "git",
                "url": "https://github.com/fuel/docs.git",
                "reference": "b158e44c619378ec3d38fb66bcf0839798f46f63"
            },
            "dist": {
                "type": "zip",
                "url": "https://api.github.com/repos/fuel/docs/zipball/b158e44c619378ec3d38fb66bcf0839798f46f63",
                "reference": "b158e44c619378ec3d38fb66bcf0839798f46f63",
                "shasum": ""
            },
            "require": {
                "composer/installers": "~1.0"
            },
            "type": "fuel-package",
            "notification-url": "https://packagist.org/downloads/",
            "license": [
                "MIT"
            ],
            "authors": [
                {
                    "name": "FuelPHP Development Team",
                    "email": "team@fuelphp.com"
                }
            ],
            "description": "FuelPHP 1.x Documenataion",
            "homepage": "https://github.com/fuel/docs",
            "time": "2019-06-27T14:54:29+00:00"
        }
    ],
    "aliases": [],
    "minimum-stability": "stable",
    "stability-flags": {
        "fuel/core": 20
    },
    "prefer-stable": false,
    "prefer-lowest": false,
    "platform": {
        "php": ">=5.6.33"
    },
    "platform-dev": []
}
