{
    "_readme": [
        "This file locks the dependencies of your project to a known state",
        "Read more about it at https://getcomposer.org/doc/01-basic-usage.md#installing-dependencies",
        "This file is @generated automatically"
    ],
    "content-hash": "85fd9d3cc030402a776db7f7553ced3f",
    "packages": [
        {
            "name": "composer/installers",
            "version": "v1.5.0",
            "source": {
                "type": "git",
                "url": "https://github.com/composer/installers.git",
                "reference": "049797d727261bf27f2690430d935067710049c2"
            },
            "dist": {
                "type": "zip",
                "url": "https://api.github.com/repos/composer/installers/zipball/049797d727261bf27f2690430d935067710049c2",
                "reference": "049797d727261bf27f2690430d935067710049c2",
                "shasum": ""
            },
            "require": {
                "composer-plugin-api": "^1.0"
            },
            "replace": {
                "roundcube/plugin-installer": "*",
                "shama/baton": "*"
            },
            "require-dev": {
                "composer/composer": "1.0.*@dev",
                "phpunit/phpunit": "^4.8.36"
            },
            "type": "composer-plugin",
            "extra": {
                "class": "Composer\\Installers\\Plugin",
                "branch-alias": {
                    "dev-master": "1.0-dev"
                }
            },
            "autoload": {
                "psr-4": {
                    "Composer\\Installers\\": "src/Composer/Installers"
                }
            },
            "notification-url": "https://packagist.org/downloads/",
            "license": [
                "MIT"
            ],
            "authors": [
                {
                    "name": "Kyle Robinson Young",
                    "email": "kyle@dontkry.com",
                    "homepage": "https://github.com/shama"
                }
            ],
            "description": "A multi-framework Composer library installer",
            "homepage": "https://composer.github.io/installers/",
            "keywords": [
                "Craft",
                "Dolibarr",
                "Eliasis",
                "Hurad",
                "ImageCMS",
                "Kanboard",
                "Lan Management System",
                "MODX Evo",
                "Mautic",
                "Maya",
                "OXID",
                "Plentymarkets",
                "Porto",
                "RadPHP",
                "SMF",
                "Thelia",
                "WolfCMS",
                "agl",
                "aimeos",
                "annotatecms",
                "attogram",
                "bitrix",
                "cakephp",
                "chef",
                "cockpit",
                "codeigniter",
                "concrete5",
                "croogo",
                "dokuwiki",
                "drupal",
                "eZ Platform",
                "elgg",
                "expressionengine",
                "fuelphp",
                "grav",
                "installer",
                "itop",
                "joomla",
                "kohana",
                "laravel",
                "lavalite",
                "lithium",
                "magento",
                "majima",
                "mako",
                "mediawiki",
                "modulework",
                "modx",
                "moodle",
                "osclass",
                "phpbb",
                "piwik",
                "ppi",
                "puppet",
                "pxcms",
                "reindex",
                "roundcube",
                "shopware",
                "silverstripe",
                "sydes",
                "symfony",
                "typo3",
                "wordpress",
                "yawik",
                "zend",
                "zikula"
            ],
            "time": "2017-12-29T09:13:20+00:00"
        },
        {
            "name": "fuel/auth",
            "version": "1.8.1",
            "source": {
                "type": "git",
                "url": "https://github.com/fuel/auth.git",
                "reference": "b19a63e27903760d41a8641b8a42b1ddaaa646f2"
            },
            "dist": {
                "type": "zip",
                "url": "https://api.github.com/repos/fuel/auth/zipball/b19a63e27903760d41a8641b8a42b1ddaaa646f2",
                "reference": "b19a63e27903760d41a8641b8a42b1ddaaa646f2",
                "shasum": ""
            },
            "require": {
                "composer/installers": "~1.0"
            },
            "type": "fuel-package",
            "notification-url": "https://packagist.org/downloads/",
            "license": [
                "MIT"
            ],
            "authors": [
                {
                    "name": "FuelPHP Development Team",
                    "email": "team@fuelphp.com"
                }
            ],
            "description": "FuelPHP 1.x Auth Package",
            "homepage": "https://github.com/fuel/auth",
            "time": "2018-04-18T14:45:14+00:00"
        },
        {
            "name": "fuel/core",
            "version": "1.8.0.3",
            "source": {
                "type": "git",
                "url": "https://github.com/fuel/core.git",
                "reference": "c8e190b22cb9fc1a9acfdde4ed7487e04051bbe7"
            },
            "dist": {
                "type": "zip",
                "url": "https://api.github.com/repos/fuel/core/zipball/c8e190b22cb9fc1a9acfdde4ed7487e04051bbe7",
                "reference": "c8e190b22cb9fc1a9acfdde4ed7487e04051bbe7",
                "shasum": ""
            },
            "require": {
                "composer/installers": "~1.0"
            },
            "type": "fuel-package",
            "notification-url": "https://packagist.org/downloads/",
            "license": [
                "MIT"
            ],
            "authors": [
                {
                    "name": "FuelPHP Development Team",
                    "email": "team@fuelphp.com"
                }
            ],
            "description": "FuelPHP 1.x Core",
            "homepage": "https://github.com/fuel/core",
            "time": "2016-07-21T08:45:05+00:00"
        },
        {
            "name": "fuel/email",
            "version": "1.8.1",
            "source": {
                "type": "git",
                "url": "https://github.com/fuel/email.git",
                "reference": "a12df7db925c81f3ace52cdec3dfd925193c8e4b"
            },
            "dist": {
                "type": "zip",
                "url": "https://api.github.com/repos/fuel/email/zipball/a12df7db925c81f3ace52cdec3dfd925193c8e4b",
                "reference": "a12df7db925c81f3ace52cdec3dfd925193c8e4b",
                "shasum": ""
            },
            "require": {
                "composer/installers": "~1.0"
            },
            "type": "fuel-package",
            "notification-url": "https://packagist.org/downloads/",
            "license": [
                "MIT"
            ],
            "authors": [
                {
                    "name": "FuelPHP Development Team",
                    "email": "team@fuelphp.com"
                }
            ],
            "description": "FuelPHP 1.x Email Package",
            "homepage": "https://github.com/fuel/email",
            "time": "2018-04-18T14:49:14+00:00"
        },
        {
            "name": "fuel/oil",
            "version": "1.8.1.1",
            "source": {
                "type": "git",
                "url": "https://github.com/fuel/oil.git",
                "reference": "548d0fc1c07793e21128ecd4ebf5badc36908865"
            },
            "dist": {
                "type": "zip",
                "url": "https://api.github.com/repos/fuel/oil/zipball/548d0fc1c07793e21128ecd4ebf5badc36908865",
                "reference": "548d0fc1c07793e21128ecd4ebf5badc36908865",
                "shasum": ""
            },
            "require": {
                "composer/installers": "~1.0"
            },
            "type": "fuel-package",
            "notification-url": "https://packagist.org/downloads/",
            "license": [
                "MIT"
            ],
            "authors": [
                {
                    "name": "FuelPHP Development Team",
                    "email": "team@fuelphp.com"
                }
            ],
            "description": "FuelPHP 1.x Oil Package",
            "homepage": "https://github.com/fuel/oil",
            "time": "2018-05-03T20:59:29+00:00"
        },
        {
            "name": "fuel/orm",
            "version": "1.8.1.2",
            "source": {
                "type": "git",
                "url": "https://github.com/fuel/orm.git",
                "reference": "372a5ffbbef797c4532eaf0283c9483309809206"
            },
            "dist": {
                "type": "zip",
                "url": "https://api.github.com/repos/fuel/orm/zipball/372a5ffbbef797c4532eaf0283c9483309809206",
                "reference": "372a5ffbbef797c4532eaf0283c9483309809206",
                "shasum": ""
            },
            "require": {
                "composer/installers": "~1.0"
            },
            "type": "fuel-package",
            "notification-url": "https://packagist.org/downloads/",
            "license": [
                "MIT"
            ],
            "authors": [
                {
                    "name": "FuelPHP Development Team",
                    "email": "team@fuelphp.com"
                }
            ],
            "description": "FuelPHP 1.x ORM Package",
            "homepage": "https://github.com/fuel/orm",
            "time": "2018-04-22T10:09:22+00:00"
        },
        {
            "name": "fuel/parser",
            "version": "1.8.1",
            "source": {
                "type": "git",
                "url": "https://github.com/fuel/parser.git",
                "reference": "c8725e112ef59f70f73ddff754a9fe762229fa88"
            },
            "dist": {
                "type": "zip",
                "url": "https://api.github.com/repos/fuel/parser/zipball/c8725e112ef59f70f73ddff754a9fe762229fa88",
                "reference": "c8725e112ef59f70f73ddff754a9fe762229fa88",
                "shasum": ""
            },
            "require": {
                "composer/installers": "~1.0"
            },
            "type": "fuel-package",
            "notification-url": "https://packagist.org/downloads/",
            "license": [
                "MIT"
            ],
            "authors": [
                {
                    "name": "FuelPHP Development Team",
                    "email": "team@fuelphp.com"
                }
            ],
            "description": "FuelPHP 1.x Parser Package",
            "homepage": "https://github.com/fuel/parser",
            "time": "2018-04-18T14:52:18+00:00"
        },
        {
            "name": "fuelphp/upload",
            "version": "2.0.6",
            "source": {
                "type": "git",
                "url": "https://github.com/fuelphp/upload.git",
                "reference": "73b3abfa317c22d6b4d63588e9601c13623ea6f6"
            },
            "dist": {
                "type": "zip",
                "url": "https://api.github.com/repos/fuelphp/upload/zipball/73b3abfa317c22d6b4d63588e9601c13623ea6f6",
                "reference": "73b3abfa317c22d6b4d63588e9601c13623ea6f6",
                "shasum": ""
            },
            "require": {
                "ext-fileinfo": "*",
                "php": ">=5.3"
            },
            "require-dev": {
                "codeception/codeception": "~2.0"
            },
            "type": "library",
            "extra": {
                "branch-alias": {
                    "dev-master": "2.0-dev"
                }
            },
            "autoload": {
                "psr-4": {
                    "Fuel\\Upload\\": "src/"
                }
            },
            "notification-url": "https://packagist.org/downloads/",
            "license": [
                "MIT"
            ],
            "authors": [
                {
                    "name": "FuelPHP Development Team",
                    "email": "team@fuelphp.com"
                }
            ],
            "description": "Process uploaded files",
            "homepage": "https://github.com/fuelphp/upload",
            "keywords": [
                "file uploads",
                "upload"
            ],
            "time": "2015-11-04T17:19:56+00:00"
        },
        {
            "name": "michelf/php-markdown",
            "version": "1.4.0",
            "source": {
                "type": "git",
                "url": "https://github.com/michelf/php-markdown.git",
                "reference": "96d8150406f67e683ef4acc09fef91785fef1266"
            },
            "dist": {
                "type": "zip",
                "url": "https://api.github.com/repos/michelf/php-markdown/zipball/96d8150406f67e683ef4acc09fef91785fef1266",
                "reference": "96d8150406f67e683ef4acc09fef91785fef1266",
                "shasum": ""
            },
            "require": {
                "php": ">=5.3.0"
            },
            "type": "library",
            "extra": {
                "branch-alias": {
                    "dev-lib": "1.4.x-dev"
                }
            },
            "autoload": {
                "psr-0": {
                    "Michelf": ""
                }
            },
            "notification-url": "https://packagist.org/downloads/",
            "license": [
                "BSD-3-Clause"
            ],
            "authors": [
                {
                    "name": "Michel Fortin",
                    "email": "michel.fortin@michelf.ca",
                    "homepage": "http://michelf.ca/",
                    "role": "Developer"
                },
                {
                    "name": "John Gruber",
                    "homepage": "http://daringfireball.net/"
                }
            ],
            "description": "PHP Markdown",
            "homepage": "http://michelf.ca/projects/php-markdown/",
            "keywords": [
                "markdown"
            ],
            "time": "2013-11-29T17:09:24+00:00"
        },
        {
            "name": "monolog/monolog",
            "version": "1.5.0",
            "source": {
                "type": "git",
                "url": "https://github.com/Seldaek/monolog.git",
                "reference": "583618d5cd2115a52101694aca87afb182b3e567"
            },
            "dist": {
                "type": "zip",
                "url": "https://api.github.com/repos/Seldaek/monolog/zipball/583618d5cd2115a52101694aca87afb182b3e567",
                "reference": "583618d5cd2115a52101694aca87afb182b3e567",
                "shasum": ""
            },
            "require": {
                "php": ">=5.3.0",
                "psr/log": "~1.0"
            },
            "require-dev": {
                "doctrine/couchdb": "dev-master",
                "mlehner/gelf-php": "1.0.*",
                "raven/raven": "0.3.*"
            },
            "suggest": {
                "doctrine/couchdb": "Allow sending log messages to a CouchDB server",
                "ext-amqp": "Allow sending log messages to an AMQP server (1.0+ required)",
                "ext-mongo": "Allow sending log messages to a MongoDB server",
                "mlehner/gelf-php": "Allow sending log messages to a GrayLog2 server",
                "raven/raven": "Allow sending log messages to a Sentry server"
            },
            "type": "library",
            "extra": {
                "branch-alias": {
                    "dev-master": "1.4.x-dev"
                }
            },
            "autoload": {
                "psr-0": {
                    "Monolog": "src/"
                }
            },
            "notification-url": "https://packagist.org/downloads/",
            "license": [
                "MIT"
            ],
            "authors": [
                {
                    "name": "Jordi Boggiano",
                    "email": "j.boggiano@seld.be",
                    "homepage": "http://seld.be",
                    "role": "Developer"
                }
            ],
            "description": "Sends your logs to files, sockets, inboxes, databases and various web services",
            "homepage": "http://github.com/Seldaek/monolog",
            "keywords": [
                "log",
                "logging",
                "psr-3"
            ],
            "time": "2013-04-23T10:09:48+00:00"
        },
        {
            "name": "phpseclib/phpseclib",
            "version": "2.0.0",
            "source": {
                "type": "git",
                "url": "https://github.com/phpseclib/phpseclib.git",
                "reference": "a74aa9efbe61430fcb60157c8e025a48ec8ff604"
            },
            "dist": {
                "type": "zip",
                "url": "https://api.github.com/repos/phpseclib/phpseclib/zipball/a74aa9efbe61430fcb60157c8e025a48ec8ff604",
                "reference": "a74aa9efbe61430fcb60157c8e025a48ec8ff604",
                "shasum": ""
            },
            "require": {
                "php": ">=5.3.3"
            },
            "require-dev": {
                "phing/phing": "~2.7",
                "phpunit/phpunit": "~4.0",
                "sami/sami": "~2.0",
                "squizlabs/php_codesniffer": "~2.0"
            },
            "suggest": {
                "ext-gmp": "Install the GMP (GNU Multiple Precision) extension in order to speed up arbitrary precision integer arithmetic operations.",
                "ext-libsodium": "SSH2/SFTP can make use of some algorithms provided by the libsodium-php extension.",
                "ext-mcrypt": "Install the Mcrypt extension in order to speed up a few other cryptographic operations.",
                "ext-openssl": "Install the OpenSSL extension in order to speed up a wide variety of cryptographic operations.",
                "pear-pear/PHP_Compat": "Install PHP_Compat to get phpseclib working on PHP < 5.0.0."
            },
            "type": "library",
            "autoload": {
                "psr-4": {
                    "phpseclib\\": "phpseclib/"
                }
            },
            "notification-url": "https://packagist.org/downloads/",
            "include-path": [
                "phpseclib/"
            ],
            "license": [
                "MIT"
            ],
            "authors": [
                {
                    "name": "Jim Wigginton",
                    "email": "terrafrost@php.net",
                    "role": "Lead Developer"
                },
                {
                    "name": "Patrick Monnerat",
                    "email": "pm@datasphere.ch",
                    "role": "Developer"
                },
                {
                    "name": "Andreas Fischer",
                    "email": "bantu@phpbb.com",
                    "role": "Developer"
                },
                {
                    "name": "Hans-Jürgen Petrich",
                    "email": "petrich@tronic-media.com",
                    "role": "Developer"
                }
            ],
            "description": "PHP Secure Communications Library - Pure-PHP implementations of RSA, AES, SSH2, SFTP, X.509 etc.",
            "homepage": "http://phpseclib.sourceforge.net",
            "keywords": [
                "BigInteger",
                "aes",
                "asn.1",
                "asn1",
                "blowfish",
                "crypto",
                "cryptography",
                "encryption",
                "rsa",
                "security",
                "sftp",
                "signature",
                "signing",
                "ssh",
                "twofish",
                "x.509",
                "x509"
            ],
            "time": "2015-08-04T04:48:03+00:00"
        },
        {
            "name": "psr/log",
            "version": "1.0.2",
            "source": {
                "type": "git",
                "url": "https://github.com/php-fig/log.git",
                "reference": "4ebe3a8bf773a19edfe0a84b6585ba3d401b724d"
            },
            "dist": {
                "type": "zip",
                "url": "https://api.github.com/repos/php-fig/log/zipball/4ebe3a8bf773a19edfe0a84b6585ba3d401b724d",
                "reference": "4ebe3a8bf773a19edfe0a84b6585ba3d401b724d",
                "shasum": ""
            },
            "require": {
                "php": ">=5.3.0"
            },
            "type": "library",
            "extra": {
                "branch-alias": {
                    "dev-master": "1.0.x-dev"
                }
            },
            "autoload": {
                "psr-4": {
                    "Psr\\Log\\": "Psr/Log/"
                }
            },
            "notification-url": "https://packagist.org/downloads/",
            "license": [
                "MIT"
            ],
            "authors": [
                {
                    "name": "PHP-FIG",
                    "homepage": "http://www.php-fig.org/"
                }
            ],
            "description": "Common interface for logging libraries",
            "homepage": "https://github.com/php-fig/log",
            "keywords": [
                "log",
                "psr",
                "psr-3"
            ],
            "time": "2016-10-10T12:19:37+00:00"
        }
    ],
    "packages-dev": [
        {
            "name": "fuel/docs",
            "version": "1.8.1",
            "source": {
                "type": "git",
                "url": "https://github.com/fuel/docs.git",
                "reference": "819d65d744ef29cacec96649a6f39be28c854038"
            },
            "dist": {
                "type": "zip",
                "url": "https://api.github.com/repos/fuel/docs/zipball/819d65d744ef29cacec96649a6f39be28c854038",
                "reference": "819d65d744ef29cacec96649a6f39be28c854038",
                "shasum": ""
            },
            "require": {
                "composer/installers": "~1.0"
            },
            "type": "fuel-package",
            "notification-url": "https://packagist.org/downloads/",
            "license": [
                "MIT"
            ],
            "authors": [
                {
                    "name": "FuelPHP Development Team",
                    "email": "team@fuelphp.com"
                }
            ],
            "description": "FuelPHP 1.x Documenataion",
            "homepage": "https://github.com/fuel/docs",
            "time": "2018-04-17T16:29:24+00:00"
        }
    ],
    "aliases": [],
    "minimum-stability": "stable",
    "stability-flags": [],
    "prefer-stable": false,
    "prefer-lowest": false,
    "platform": {
        "php": ">=5.6.33"
    },
    "platform-dev": []
}
